
Microsoft Visual Studio Solution File, Format Version 12.00
# Visual Studio Version 17
VisualStudioVersion = 17.10.35013.160
MinimumVisualStudioVersion = 10.0.40219.1
Project("{FAE04EC0-301F-11D3-BF4B-00C04F79EFBC}") = "03_07_2024", "03_07_2024\03_07_2024.csproj", "{C47BAB8F-5A30-4D8E-BAE3-2B236388C88B}"
EndProject
Global
	GlobalSection(SolutionConfigurationPlatforms) = preSolution
		Debug|Any CPU = Debug|Any CPU
		Release|Any CPU = Release|Any CPU
	EndGlobalSection
	GlobalSection(ProjectConfigurationPlatforms) = postSolution
		{C47BAB8F-5A30-4D8E-BAE3-2B236388C88B}.Debug|Any CPU.ActiveCfg = Debug|Any CPU
		{C47BAB8F-5A30-4D8E-BAE3-2B236388C88B}.Debug|Any CPU.Build.0 = Debug|Any CPU
		{C47BAB8F-5A30-4D8E-BAE3-2B236388C88B}.Release|Any CPU.ActiveCfg = Release|Any CPU
		{C47BAB8F-5A30-4D8E-BAE3-2B236388C88B}.Release|Any CPU.Build.0 = Release|Any CPU
	EndGlobalSection
	GlobalSection(SolutionProperties) = preSolution
		HideSolutionNode = FALSE
	EndGlobalSection
	GlobalSection(ExtensibilityGlobals) = postSolution
		SolutionGuid = {3334929A-6A3D-4697-BAAE-6602148F1D7C}
	EndGlobalSection
EndGlobal
