
Microsoft Visual Studio Solution File, Format Version 12.00
# Visual Studio Version 17
VisualStudioVersion = 17.10.35013.160
MinimumVisualStudioVersion = 10.0.40219.1
Project("{FAE04EC0-301F-11D3-BF4B-00C04F79EFBC}") = "Task5", "Task5\Task5.csproj", "{26132BFA-8617-4E03-AB8D-2B4464AC3433}"
EndProject
Global
	GlobalSection(SolutionConfigurationPlatforms) = preSolution
		Debug|Any CPU = Debug|Any CPU
		Release|Any CPU = Release|Any CPU
	EndGlobalSection
	GlobalSection(ProjectConfigurationPlatforms) = postSolution
		{26132BFA-8617-4E03-AB8D-2B4464AC3433}.Debug|Any CPU.ActiveCfg = Debug|Any CPU
		{26132BFA-8617-4E03-AB8D-2B4464AC3433}.Debug|Any CPU.Build.0 = Debug|Any CPU
		{26132BFA-8617-4E03-AB8D-2B4464AC3433}.Release|Any CPU.ActiveCfg = Release|Any CPU
		{26132BFA-8617-4E03-AB8D-2B4464AC3433}.Release|Any CPU.Build.0 = Release|Any CPU
	EndGlobalSection
	GlobalSection(SolutionProperties) = preSolution
		HideSolutionNode = FALSE
	EndGlobalSection
	GlobalSection(ExtensibilityGlobals) = postSolution
		SolutionGuid = {01FEA0D8-CF5A-4DCB-BE88-AA172DD121C0}
	EndGlobalSection
EndGlobal
