
Microsoft Visual Studio Solution File, Format Version 12.00
# Visual Studio Version 17
VisualStudioVersion = 17.10.35013.160
MinimumVisualStudioVersion = 10.0.40219.1
Project("{FAE04EC0-301F-11D3-BF4B-00C04F79EFBC}") = "Task1", "Task1\Task1.csproj", "{E5FFF434-C4B0-4102-838A-0A539471B60D}"
EndProject
Global
	GlobalSection(SolutionConfigurationPlatforms) = preSolution
		Debug|Any CPU = Debug|Any CPU
		Release|Any CPU = Release|Any CPU
	EndGlobalSection
	GlobalSection(ProjectConfigurationPlatforms) = postSolution
		{E5FFF434-C4B0-4102-838A-0A539471B60D}.Debug|Any CPU.ActiveCfg = Debug|Any CPU
		{E5FFF434-C4B0-4102-838A-0A539471B60D}.Debug|Any CPU.Build.0 = Debug|Any CPU
		{E5FFF434-C4B0-4102-838A-0A539471B60D}.Release|Any CPU.ActiveCfg = Release|Any CPU
		{E5FFF434-C4B0-4102-838A-0A539471B60D}.Release|Any CPU.Build.0 = Release|Any CPU
	EndGlobalSection
	GlobalSection(SolutionProperties) = preSolution
		HideSolutionNode = FALSE
	EndGlobalSection
	GlobalSection(ExtensibilityGlobals) = postSolution
		SolutionGuid = {26E3C02C-B756-42D8-8F1E-0A01F9C43391}
	EndGlobalSection
EndGlobal
