
Microsoft Visual Studio Solution File, Format Version 12.00
# Visual Studio Version 17
VisualStudioVersion = 17.10.35013.160
MinimumVisualStudioVersion = 10.0.40219.1
Project("{FAE04EC0-301F-11D3-BF4B-00C04F79EFBC}") = "Task2", "Task2\Task2.csproj", "{9B6AD798-56C0-4D13-AD4C-2B16BBEE1C34}"
EndProject
Global
	GlobalSection(SolutionConfigurationPlatforms) = preSolution
		Debug|Any CPU = Debug|Any CPU
		Release|Any CPU = Release|Any CPU
	EndGlobalSection
	GlobalSection(ProjectConfigurationPlatforms) = postSolution
		{9B6AD798-56C0-4D13-AD4C-2B16BBEE1C34}.Debug|Any CPU.ActiveCfg = Debug|Any CPU
		{9B6AD798-56C0-4D13-AD4C-2B16BBEE1C34}.Debug|Any CPU.Build.0 = Debug|Any CPU
		{9B6AD798-56C0-4D13-AD4C-2B16BBEE1C34}.Release|Any CPU.ActiveCfg = Release|Any CPU
		{9B6AD798-56C0-4D13-AD4C-2B16BBEE1C34}.Release|Any CPU.Build.0 = Release|Any CPU
	EndGlobalSection
	GlobalSection(SolutionProperties) = preSolution
		HideSolutionNode = FALSE
	EndGlobalSection
	GlobalSection(ExtensibilityGlobals) = postSolution
		SolutionGuid = {409CEC3F-37CD-4F8B-A8B8-31866BB0D2C5}
	EndGlobalSection
EndGlobal
