
Microsoft Visual Studio Solution File, Format Version 12.00
# Visual Studio Version 17
VisualStudioVersion = 17.10.35013.160
MinimumVisualStudioVersion = 10.0.40219.1
Project("{FAE04EC0-301F-11D3-BF4B-00C04F79EFBC}") = "Task6", "Task6\Task6.csproj", "{795EDE50-63DD-416E-A10D-120EFD14A3C5}"
EndProject
Global
	GlobalSection(SolutionConfigurationPlatforms) = preSolution
		Debug|Any CPU = Debug|Any CPU
		Release|Any CPU = Release|Any CPU
	EndGlobalSection
	GlobalSection(ProjectConfigurationPlatforms) = postSolution
		{795EDE50-63DD-416E-A10D-120EFD14A3C5}.Debug|Any CPU.ActiveCfg = Debug|Any CPU
		{795EDE50-63DD-416E-A10D-120EFD14A3C5}.Debug|Any CPU.Build.0 = Debug|Any CPU
		{795EDE50-63DD-416E-A10D-120EFD14A3C5}.Release|Any CPU.ActiveCfg = Release|Any CPU
		{795EDE50-63DD-416E-A10D-120EFD14A3C5}.Release|Any CPU.Build.0 = Release|Any CPU
	EndGlobalSection
	GlobalSection(SolutionProperties) = preSolution
		HideSolutionNode = FALSE
	EndGlobalSection
	GlobalSection(ExtensibilityGlobals) = postSolution
		SolutionGuid = {C965DAB2-9D69-4E94-A43F-E18A294579A7}
	EndGlobalSection
EndGlobal
